// !$*UTF8*$!
{
	archiveVersion = 1;
	classes = {
	};
	objectVersion = 50;
	objects = {

/* Begin PBXBuildFile section */
		85D01FA222DF2A1D004D0662 /* CustomizableTableViewIndex.h in Headers */ = {isa = PBXBuildFile; fileRef = 85D01FA022DF2A1D004D0662 /* CustomizableTableViewIndex.h */; settings = {ATTRIBUTES = (Public, ); }; };
		85D01FB122DF2B51004D0662 /* AppDelegate.swift in Sources */ = {isa = PBXBuildFile; fileRef = 85D01FB022DF2B51004D0662 /* AppDelegate.swift */; };
		85D01FB322DF2B51004D0662 /* ViewController.swift in Sources */ = {isa = PBXBuildFile; fileRef = 85D01FB222DF2B51004D0662 /* ViewController.swift */; };
		85D01FB622DF2B51004D0662 /* Main.storyboard in Resources */ = {isa = PBXBuildFile; fileRef = 85D01FB422DF2B51004D0662 /* Main.storyboard */; };
		85D01FB822DF2B56004D0662 /* Assets.xcassets in Resources */ = {isa = PBXBuildFile; fileRef = 85D01FB722DF2B56004D0662 /* Assets.xcassets */; };
		85D01FBB22DF2B56004D0662 /* LaunchScreen.storyboard in Resources */ = {isa = PBXBuildFile; fileRef = 85D01FB922DF2B56004D0662 /* LaunchScreen.storyboard */; };
		85D01FC122DF2B98004D0662 /* CustomizableTableViewIndex.framework in Frameworks */ = {isa = PBXBuildFile; fileRef = 85D01F9D22DF2A1D004D0662 /* CustomizableTableViewIndex.framework */; };
		85D01FC322E02CAD004D0662 /* ValueCell.swift in Sources */ = {isa = PBXBuildFile; fileRef = 85D01FC222E02CAD004D0662 /* ValueCell.swift */; };
		85D01FC522E02CBB004D0662 /* ValueCell.xib in Resources */ = {isa = PBXBuildFile; fileRef = 85D01FC422E02CBB004D0662 /* ValueCell.xib */; };
		85D01FC722E15910004D0662 /* CustomizableTableViewIndexController.swift in Sources */ = {isa = PBXBuildFile; fileRef = 85D01FC622E1590F004D0662 /* CustomizableTableViewIndexController.swift */; };
		85D01FC922E1995A004D0662 /* IndicatorView.swift in Sources */ = {isa = PBXBuildFile; fileRef = 85D01FC822E1995A004D0662 /* IndicatorView.swift */; };
/* End PBXBuildFile section */

/* Begin PBXFileReference section */
		85D01F9D22DF2A1D004D0662 /* CustomizableTableViewIndex.framework */ = {isa = PBXFileReference; explicitFileType = wrapper.framework; includeInIndex = 0; path = CustomizableTableViewIndex.framework; sourceTree = BUILT_PRODUCTS_DIR; };
		85D01FA022DF2A1D004D0662 /* CustomizableTableViewIndex.h */ = {isa = PBXFileReference; lastKnownFileType = sourcecode.c.h; path = CustomizableTableViewIndex.h; sourceTree = "<group>"; };
		85D01FA122DF2A1D004D0662 /* Info.plist */ = {isa = PBXFileReference; lastKnownFileType = text.plist.xml; path = Info.plist; sourceTree = "<group>"; };
		85D01FAE22DF2B51004D0662 /* Demo.app */ = {isa = PBXFileReference; explicitFileType = wrapper.application; includeInIndex = 0; path = Demo.app; sourceTree = BUILT_PRODUCTS_DIR; };
		85D01FB022DF2B51004D0662 /* AppDelegate.swift */ = {isa = PBXFileReference; lastKnownFileType = sourcecode.swift; path = AppDelegate.swift; sourceTree = "<group>"; };
		85D01FB222DF2B51004D0662 /* ViewController.swift */ = {isa = PBXFileReference; lastKnownFileType = sourcecode.swift; path = ViewController.swift; sourceTree = "<group>"; };
		85D01FB522DF2B51004D0662 /* Base */ = {isa = PBXFileReference; lastKnownFileType = file.storyboard; name = Base; path = Base.lproj/Main.storyboard; sourceTree = "<group>"; };
		85D01FB722DF2B56004D0662 /* Assets.xcassets */ = {isa = PBXFileReference; lastKnownFileType = folder.assetcatalog; path = Assets.xcassets; sourceTree = "<group>"; };
		85D01FBA22DF2B56004D0662 /* Base */ = {isa = PBXFileReference; lastKnownFileType = file.storyboard; name = Base; path = Base.lproj/LaunchScreen.storyboard; sourceTree = "<group>"; };
		85D01FBC22DF2B56004D0662 /* Info.plist */ = {isa = PBXFileReference; lastKnownFileType = text.plist.xml; path = Info.plist; sourceTree = "<group>"; };
		85D01FC222E02CAD004D0662 /* ValueCell.swift */ = {isa = PBXFileReference; lastKnownFileType = sourcecode.swift; path = ValueCell.swift; sourceTree = "<group>"; };
		85D01FC422E02CBB004D0662 /* ValueCell.xib */ = {isa = PBXFileReference; lastKnownFileType = file.xib; path = ValueCell.xib; sourceTree = "<group>"; };
		85D01FC622E1590F004D0662 /* CustomizableTableViewIndexController.swift */ = {isa = PBXFileReference; lastKnownFileType = sourcecode.swift; path = CustomizableTableViewIndexController.swift; sourceTree = "<group>"; };
		85D01FC822E1995A004D0662 /* IndicatorView.swift */ = {isa = PBXFileReference; lastKnownFileType = sourcecode.swift; path = IndicatorView.swift; sourceTree = "<group>"; };
/* End PBXFileReference section */

/* Begin PBXFrameworksBuildPhase section */
		85D01F9A22DF2A1D004D0662 /* Frameworks */ = {
			isa = PBXFrameworksBuildPhase;
			buildActionMask = 2147483647;
			files = (
			);
			runOnlyForDeploymentPostprocessing = 0;
		};
		85D01FAB22DF2B51004D0662 /* Frameworks */ = {
			isa = PBXFrameworksBuildPhase;
			buildActionMask = 2147483647;
			files = (
				85D01FC122DF2B98004D0662 /* CustomizableTableViewIndex.framework in Frameworks */,
			);
			runOnlyForDeploymentPostprocessing = 0;
		};
/* End PBXFrameworksBuildPhase section */

/* Begin PBXGroup section */
		85D01F9322DF2A1D004D0662 = {
			isa = PBXGroup;
			children = (
				85D01F9F22DF2A1D004D0662 /* CustomizableTableViewIndex */,
				85D01FAF22DF2B51004D0662 /* Demo */,
				85D01F9E22DF2A1D004D0662 /* Products */,
				85D01FC022DF2B98004D0662 /* Frameworks */,
			);
			sourceTree = "<group>";
		};
		85D01F9E22DF2A1D004D0662 /* Products */ = {
			isa = PBXGroup;
			children = (
				85D01F9D22DF2A1D004D0662 /* CustomizableTableViewIndex.framework */,
				85D01FAE22DF2B51004D0662 /* Demo.app */,
			);
			name = Products;
			sourceTree = "<group>";
		};
		85D01F9F22DF2A1D004D0662 /* CustomizableTableViewIndex */ = {
			isa = PBXGroup;
			children = (
				85D01FA022DF2A1D004D0662 /* CustomizableTableViewIndex.h */,
				85D01FC622E1590F004D0662 /* CustomizableTableViewIndexController.swift */,
				85D01FC822E1995A004D0662 /* IndicatorView.swift */,
				85D01FA122DF2A1D004D0662 /* Info.plist */,
			);
			path = CustomizableTableViewIndex;
			sourceTree = "<group>";
		};
		85D01FAF22DF2B51004D0662 /* Demo */ = {
			isa = PBXGroup;
			children = (
				85D01FB022DF2B51004D0662 /* AppDelegate.swift */,
				85D01FB222DF2B51004D0662 /* ViewController.swift */,
				85D01FC222E02CAD004D0662 /* ValueCell.swift */,
				85D01FC422E02CBB004D0662 /* ValueCell.xib */,
				85D01FB422DF2B51004D0662 /* Main.storyboard */,
				85D01FB722DF2B56004D0662 /* Assets.xcassets */,
				85D01FB922DF2B56004D0662 /* LaunchScreen.storyboard */,
				85D01FBC22DF2B56004D0662 /* Info.plist */,
			);
			path = Demo;
			sourceTree = "<group>";
		};
		85D01FC022DF2B98004D0662 /* Frameworks */ = {
			isa = PBXGroup;
			children = (
			);
			name = Frameworks;
			sourceTree = "<group>";
		};
/* End PBXGroup section */

/* Begin PBXHeadersBuildPhase section */
		85D01F9822DF2A1D004D0662 /* Headers */ = {
			isa = PBXHeadersBuildPhase;
			buildActionMask = 2147483647;
			files = (
				85D01FA222DF2A1D004D0662 /* CustomizableTableViewIndex.h in Headers */,
			);
			runOnlyForDeploymentPostprocessing = 0;
		};
/* End PBXHeadersBuildPhase section */

/* Begin PBXNativeTarget section */
		85D01F9C22DF2A1D004D0662 /* CustomizableTableViewIndex */ = {
			isa = PBXNativeTarget;
			buildConfigurationList = 85D01FA522DF2A1D004D0662 /* Build configuration list for PBXNativeTarget "CustomizableTableViewIndex" */;
			buildPhases = (
				85D01F9822DF2A1D004D0662 /* Headers */,
				85D01F9922DF2A1D004D0662 /* Sources */,
				85D01F9A22DF2A1D004D0662 /* Frameworks */,
				85D01F9B22DF2A1D004D0662 /* Resources */,
			);
			buildRules = (
			);
			dependencies = (
			);
			name = CustomizableTableViewIndex;
			productName = CustomizableTableViewIndex;
			productReference = 85D01F9D22DF2A1D004D0662 /* CustomizableTableViewIndex.framework */;
			productType = "com.apple.product-type.framework";
		};
		85D01FAD22DF2B51004D0662 /* Demo */ = {
			isa = PBXNativeTarget;
			buildConfigurationList = 85D01FBD22DF2B56004D0662 /* Build configuration list for PBXNativeTarget "Demo" */;
			buildPhases = (
				85D01FAA22DF2B51004D0662 /* Sources */,
				85D01FAB22DF2B51004D0662 /* Frameworks */,
				85D01FAC22DF2B51004D0662 /* Resources */,
			);
			buildRules = (
			);
			dependencies = (
			);
			name = Demo;
			productName = Demo;
			productReference = 85D01FAE22DF2B51004D0662 /* Demo.app */;
			productType = "com.apple.product-type.application";
		};
/* End PBXNativeTarget section */

/* Begin PBXProject section */
		85D01F9422DF2A1D004D0662 /* Project object */ = {
			isa = PBXProject;
			attributes = {
				LastSwiftUpdateCheck = 1020;
				LastUpgradeCheck = 1020;
				TargetAttributes = {
					85D01F9C22DF2A1D004D0662 = {
						CreatedOnToolsVersion = 10.2.1;
						LastSwiftMigration = 1020;
					};
					85D01FAD22DF2B51004D0662 = {
						CreatedOnToolsVersion = 10.2.1;
					};
				};
			};
			buildConfigurationList = 85D01F9722DF2A1D004D0662 /* Build configuration list for PBXProject "CustomizableTableViewIndex" */;
			compatibilityVersion = "Xcode 9.3";
			developmentRegion = en;
			hasScannedForEncodings = 0;
			knownRegions = (
				en,
				Base,
			);
			mainGroup = 85D01F9322DF2A1D004D0662;
			productRefGroup = 85D01F9E22DF2A1D004D0662 /* Products */;
			projectDirPath = "";
			projectRoot = "";
			targets = (
				85D01F9C22DF2A1D004D0662 /* CustomizableTableViewIndex */,
				85D01FAD22DF2B51004D0662 /* Demo */,
			);
		};
/* End PBXProject section */

/* Begin PBXResourcesBuildPhase section */
		85D01F9B22DF2A1D004D0662 /* Resources */ = {
			isa = PBXResourcesBuildPhase;
			buildActionMask = 2147483647;
			files = (
			);
			runOnlyForDeploymentPostprocessing = 0;
		};
		85D01FAC22DF2B51004D0662 /* Resources */ = {
			isa = PBXResourcesBuildPhase;
			buildActionMask = 2147483647;
			files = (
				85D01FBB22DF2B56004D0662 /* LaunchScreen.storyboard in Resources */,
				85D01FB822DF2B56004D0662 /* Assets.xcassets in Resources */,
				85D01FB622DF2B51004D0662 /* Main.storyboard in Resources */,
				85D01FC522E02CBB004D0662 /* ValueCell.xib in Resources */,
			);
			runOnlyForDeploymentPostprocessing = 0;
		};
/* End PBXResourcesBuildPhase section */

/* Begin PBXSourcesBuildPhase section */
		85D01F9922DF2A1D004D0662 /* Sources */ = {
			isa = PBXSourcesBuildPhase;
			buildActionMask = 2147483647;
			files = (
				85D01FC922E1995A004D0662 /* IndicatorView.swift in Sources */,
				85D01FC722E15910004D0662 /* CustomizableTableViewIndexController.swift in Sources */,
			);
			runOnlyForDeploymentPostprocessing = 0;
		};
		85D01FAA22DF2B51004D0662 /* Sources */ = {
			isa = PBXSourcesBuildPhase;
			buildActionMask = 2147483647;
			files = (
				85D01FB322DF2B51004D0662 /* ViewController.swift in Sources */,
				85D01FC322E02CAD004D0662 /* ValueCell.swift in Sources */,
				85D01FB122DF2B51004D0662 /* AppDelegate.swift in Sources */,
			);
			runOnlyForDeploymentPostprocessing = 0;
		};
/* End PBXSourcesBuildPhase section */

/* Begin PBXVariantGroup section */
		85D01FB422DF2B51004D0662 /* Main.storyboard */ = {
			isa = PBXVariantGroup;
			children = (
				85D01FB522DF2B51004D0662 /* Base */,
			);
			name = Main.storyboard;
			sourceTree = "<group>";
		};
		85D01FB922DF2B56004D0662 /* LaunchScreen.storyboard */ = {
			isa = PBXVariantGroup;
			children = (
				85D01FBA22DF2B56004D0662 /* Base */,
			);
			name = LaunchScreen.storyboard;
			sourceTree = "<group>";
		};
/* End PBXVariantGroup section */

/* Begin XCBuildConfiguration section */
		85D01FA322DF2A1D004D0662 /* Debug */ = {
			isa = XCBuildConfiguration;
			buildSettings = {
				ALWAYS_SEARCH_USER_PATHS = NO;
				CLANG_ANALYZER_NONNULL = YES;
				CLANG_ANALYZER_NUMBER_OBJECT_CONVERSION = YES_AGGRESSIVE;
				CLANG_CXX_LANGUAGE_STANDARD = "gnu++14";
				CLANG_CXX_LIBRARY = "libc++";
				CLANG_ENABLE_MODULES = YES;
				CLANG_ENABLE_OBJC_ARC = YES;
				CLANG_ENABLE_OBJC_WEAK = YES;
				CLANG_WARN_BLOCK_CAPTURE_AUTORELEASING = YES;
				CLANG_WARN_BOOL_CONVERSION = YES;
				CLANG_WARN_COMMA = YES;
				CLANG_WARN_CONSTANT_CONVERSION = YES;
				CLANG_WARN_DEPRECATED_OBJC_IMPLEMENTATIONS = YES;
				CLANG_WARN_DIRECT_OBJC_ISA_USAGE = YES_ERROR;
				CLANG_WARN_DOCUMENTATION_COMMENTS = YES;
				CLANG_WARN_EMPTY_BODY = YES;
				CLANG_WARN_ENUM_CONVERSION = YES;
				CLANG_WARN_INFINITE_RECURSION = YES;
				CLANG_WARN_INT_CONVERSION = YES;
				CLANG_WARN_NON_LITERAL_NULL_CONVERSION = YES;
				CLANG_WARN_OBJC_IMPLICIT_RETAIN_SELF = YES;
				CLANG_WARN_OBJC_LITERAL_CONVERSION = YES;
				CLANG_WARN_OBJC_ROOT_CLASS = YES_ERROR;
				CLANG_WARN_RANGE_LOOP_ANALYSIS = YES;
				CLANG_WARN_STRICT_PROTOTYPES = YES;
				CLANG_WARN_SUSPICIOUS_MOVE = YES;
				CLANG_WARN_UNGUARDED_AVAILABILITY = YES_AGGRESSIVE;
				CLANG_WARN_UNREACHABLE_CODE = YES;
				CLANG_WARN__DUPLICATE_METHOD_MATCH = YES;
				CODE_SIGN_IDENTITY = "iPhone Developer";
				COPY_PHASE_STRIP = NO;
				CURRENT_PROJECT_VERSION = 1;
				DEBUG_INFORMATION_FORMAT = dwarf;
				ENABLE_STRICT_OBJC_MSGSEND = YES;
				ENABLE_TESTABILITY = YES;
				GCC_C_LANGUAGE_STANDARD = gnu11;
				GCC_DYNAMIC_NO_PIC = NO;
				GCC_NO_COMMON_BLOCKS = YES;
				GCC_OPTIMIZATION_LEVEL = 0;
				GCC_PREPROCESSOR_DEFINITIONS = (
					"DEBUG=1",
					"$(inherited)",
				);
				GCC_WARN_64_TO_32_BIT_CONVERSION = YES;
				GCC_WARN_ABOUT_RETURN_TYPE = YES_ERROR;
				GCC_WARN_UNDECLARED_SELECTOR = YES;
				GCC_WARN_UNINITIALIZED_AUTOS = YES_AGGRESSIVE;
				GCC_WARN_UNUSED_FUNCTION = YES;
				GCC_WARN_UNUSED_VARIABLE = YES;
				IPHONEOS_DEPLOYMENT_TARGET = 12.2;
				MTL_ENABLE_DEBUG_INFO = INCLUDE_SOURCE;
				MTL_FAST_MATH = YES;
				ONLY_ACTIVE_ARCH = YES;
				SDKROOT = iphoneos;
				SWIFT_ACTIVE_COMPILATION_CONDITIONS = DEBUG;
				SWIFT_OPTIMIZATION_LEVEL = "-Onone";
				VERSIONING_SYSTEM = "apple-generic";
				VERSION_INFO_PREFIX = "";
			};
			name = Debug;
		};
		85D01FA422DF2A1D004D0662 /* Release */ = {
			isa = XCBuildConfiguration;
			buildSettings = {
				ALWAYS_SEARCH_USER_PATHS = NO;
				CLANG_ANALYZER_NONNULL = YES;
				CLANG_ANALYZER_NUMBER_OBJECT_CONVERSION = YES_AGGRESSIVE;
				CLANG_CXX_LANGUAGE_STANDARD = "gnu++14";
				CLANG_CXX_LIBRARY = "libc++";
				CLANG_ENABLE_MODULES = YES;
				CLANG_ENABLE_OBJC_ARC = YES;
				CLANG_ENABLE_OBJC_WEAK = YES;
				CLANG_WARN_BLOCK_CAPTURE_AUTORELEASING = YES;
				CLANG_WARN_BOOL_CONVERSION = YES;
				CLANG_WARN_COMMA = YES;
				CLANG_WARN_CONSTANT_CONVERSION = YES;
				CLANG_WARN_DEPRECATED_OBJC_IMPLEMENTATIONS = YES;
				CLANG_WARN_DIRECT_OBJC_ISA_USAGE = YES_ERROR;
				CLANG_WARN_DOCUMENTATION_COMMENTS = YES;
				CLANG_WARN_EMPTY_BODY = YES;
				CLANG_WARN_ENUM_CONVERSION = YES;
				CLANG_WARN_INFINITE_RECURSION = YES;
				CLANG_WARN_INT_CONVERSION = YES;
				CLANG_WARN_NON_LITERAL_NULL_CONVERSION = YES;
				CLANG_WARN_OBJC_IMPLICIT_RETAIN_SELF = YES;
				CLANG_WARN_OBJC_LITERAL_CONVERSION = YES;
				CLANG_WARN_OBJC_ROOT_CLASS = YES_ERROR;
				CLANG_WARN_RANGE_LOOP_ANALYSIS = YES;
				CLANG_WARN_STRICT_PROTOTYPES = YES;
				CLANG_WARN_SUSPICIOUS_MOVE = YES;
				CLANG_WARN_UNGUARDED_AVAILABILITY = YES_AGGRESSIVE;
				CLANG_WARN_UNREACHABLE_CODE = YES;
				CLANG_WARN__DUPLICATE_METHOD_MATCH = YES;
				CODE_SIGN_IDENTITY = "iPhone Developer";
				COPY_PHASE_STRIP = NO;
				CURRENT_PROJECT_VERSION = 1;
				DEBUG_INFORMATION_FORMAT = "dwarf-with-dsym";
				ENABLE_NS_ASSERTIONS = NO;
				ENABLE_STRICT_OBJC_MSGSEND = YES;
				GCC_C_LANGUAGE_STANDARD = gnu11;
				GCC_NO_COMMON_BLOCKS = YES;
				GCC_WARN_64_TO_32_BIT_CONVERSION = YES;
				GCC_WARN_ABOUT_RETURN_TYPE = YES_ERROR;
				GCC_WARN_UNDECLARED_SELECTOR = YES;
				GCC_WARN_UNINITIALIZED_AUTOS = YES_AGGRESSIVE;
				GCC_WARN_UNUSED_FUNCTION = YES;
				GCC_WARN_UNUSED_VARIABLE = YES;
				IPHONEOS_DEPLOYMENT_TARGET = 12.2;
				MTL_ENABLE_DEBUG_INFO = NO;
				MTL_FAST_MATH = YES;
				SDKROOT = iphoneos;
				SWIFT_COMPILATION_MODE = wholemodule;
				SWIFT_OPTIMIZATION_LEVEL = "-O";
				VALIDATE_PRODUCT = YES;
				VERSIONING_SYSTEM = "apple-generic";
				VERSION_INFO_PREFIX = "";
			};
			name = Release;
		};
		85D01FA622DF2A1D004D0662 /* Debug */ = {
			isa = XCBuildConfiguration;
			buildSettings = {
				CLANG_ENABLE_MODULES = YES;
				CODE_SIGN_IDENTITY = "";
				CODE_SIGN_STYLE = Manual;
				DEFINES_MODULE = YES;
				DEVELOPMENT_TEAM = "";
				DYLIB_COMPATIBILITY_VERSION = 1;
				DYLIB_CURRENT_VERSION = 1;
				DYLIB_INSTALL_NAME_BASE = "@rpath";
				INFOPLIST_FILE = CustomizableTableViewIndex/Info.plist;
				INSTALL_PATH = "$(LOCAL_LIBRARY_DIR)/Frameworks";
				IPHONEOS_DEPLOYMENT_TARGET = 10.0;
				LD_RUNPATH_SEARCH_PATHS = (
					"$(inherited)",
					"@executable_path/Frameworks",
					"@loader_path/Frameworks",
				);
				PRODUCT_BUNDLE_IDENTIFIER = wx.CustomizableTableViewIndex;
				PRODUCT_NAME = "$(TARGET_NAME:c99extidentifier)";
				PROVISIONING_PROFILE_SPECIFIER = "";
				SKIP_INSTALL = YES;
				SWIFT_OPTIMIZATION_LEVEL = "-Onone";
				SWIFT_VERSION = 4.2;
				TARGETED_DEVICE_FAMILY = "1,2";
			};
			name = Debug;
		};
		85D01FA722DF2A1D004D0662 /* Release */ = {
			isa = XCBuildConfiguration;
			buildSettings = {
				CLANG_ENABLE_MODULES = YES;
				CODE_SIGN_IDENTITY = "";
				CODE_SIGN_STYLE = Manual;
				DEFINES_MODULE = YES;
				DEVELOPMENT_TEAM = "";
				DYLIB_COMPATIBILITY_VERSION = 1;
				DYLIB_CURRENT_VERSION = 1;
				DYLIB_INSTALL_NAME_BASE = "@rpath";
				INFOPLIST_FILE = CustomizableTableViewIndex/Info.plist;
				INSTALL_PATH = "$(LOCAL_LIBRARY_DIR)/Frameworks";
				IPHONEOS_DEPLOYMENT_TARGET = 10.0;
				LD_RUNPATH_SEARCH_PATHS = (
					"$(inherited)",
					"@executable_path/Frameworks",
					"@loader_path/Frameworks",
				);
				PRODUCT_BUNDLE_IDENTIFIER = wx.CustomizableTableViewIndex;
				PRODUCT_NAME = "$(TARGET_NAME:c99extidentifier)";
				PROVISIONING_PROFILE_SPECIFIER = "";
				SKIP_INSTALL = YES;
				SWIFT_VERSION = 4.2;
				TARGETED_DEVICE_FAMILY = "1,2";
			};
			name = Release;
		};
		85D01FBE22DF2B56004D0662 /* Debug */ = {
			isa = XCBuildConfiguration;
			buildSettings = {
				ASSETCATALOG_COMPILER_APPICON_NAME = AppIcon;
				CODE_SIGN_STYLE = Automatic;
				INFOPLIST_FILE = Demo/Info.plist;
				IPHONEOS_DEPLOYMENT_TARGET = 10.0;
				LD_RUNPATH_SEARCH_PATHS = (
					"$(inherited)",
					"@executable_path/Frameworks",
				);
				PRODUCT_BUNDLE_IDENTIFIER = wx.Demo;
				PRODUCT_NAME = "$(TARGET_NAME)";
				SWIFT_VERSION = 4.2;
				TARGETED_DEVICE_FAMILY = "1,2";
			};
			name = Debug;
		};
		85D01FBF22DF2B56004D0662 /* Release */ = {
			isa = XCBuildConfiguration;
			buildSettings = {
				ASSETCATALOG_COMPILER_APPICON_NAME = AppIcon;
				CODE_SIGN_STYLE = Automatic;
				INFOPLIST_FILE = Demo/Info.plist;
				IPHONEOS_DEPLOYMENT_TARGET = 10.0;
				LD_RUNPATH_SEARCH_PATHS = (
					"$(inherited)",
					"@executable_path/Frameworks",
				);
				PRODUCT_BUNDLE_IDENTIFIER = wx.Demo;
				PRODUCT_NAME = "$(TARGET_NAME)";
				SWIFT_VERSION = 4.2;
				TARGETED_DEVICE_FAMILY = "1,2";
			};
			name = Release;
		};
/* End XCBuildConfiguration section */

/* Begin XCConfigurationList section */
		85D01F9722DF2A1D004D0662 /* Build configuration list for PBXProject "CustomizableTableViewIndex" */ = {
			isa = XCConfigurationList;
			buildConfigurations = (
				85D01FA322DF2A1D004D0662 /* Debug */,
				85D01FA422DF2A1D004D0662 /* Release */,
			);
			defaultConfigurationIsVisible = 0;
			defaultConfigurationName = Release;
		};
		85D01FA522DF2A1D004D0662 /* Build configuration list for PBXNativeTarget "CustomizableTableViewIndex" */ = {
			isa = XCConfigurationList;
			buildConfigurations = (
				85D01FA622DF2A1D004D0662 /* Debug */,
				85D01FA722DF2A1D004D0662 /* Release */,
			);
			defaultConfigurationIsVisible = 0;
			defaultConfigurationName = Release;
		};
		85D01FBD22DF2B56004D0662 /* Build configuration list for PBXNativeTarget "Demo" */ = {
			isa = XCConfigurationList;
			buildConfigurations = (
				85D01FBE22DF2B56004D0662 /* Debug */,
				85D01FBF22DF2B56004D0662 /* Release */,
			);
			defaultConfigurationIsVisible = 0;
			defaultConfigurationName = Release;
		};
/* End XCConfigurationList section */
	};
	rootObject = 85D01F9422DF2A1D004D0662 /* Project object */;
}
